
Microsoft Visual Studio Solution File, Format Version 12.00
# Visual Studio Version 17
VisualStudioVersion = 17.5.33424.131
MinimumVisualStudioVersion = 10.0.40219.1
Project("{FAE04EC0-301F-11D3-BF4B-00C04F79EFBC}") = "OrganizationService", "OrganizationService.csproj", "{B68511B9-5EB9-42E2-9EF0-69D33E151491}"
EndProject
Global
	GlobalSection(SolutionConfigurationPlatforms) = preSolution
		Debug|Any CPU = Debug|Any CPU
		Release|Any CPU = Release|Any CPU
	EndGlobalSection
	GlobalSection(ProjectConfigurationPlatforms) = postSolution
		{B68511B9-5EB9-42E2-9EF0-69D33E151491}.Debug|Any CPU.ActiveCfg = Debug|Any CPU
		{B68511B9-5EB9-42E2-9EF0-69D33E151491}.Debug|Any CPU.Build.0 = Debug|Any CPU
		{B68511B9-5EB9-42E2-9EF0-69D33E151491}.Release|Any CPU.ActiveCfg = Release|Any CPU
		{B68511B9-5EB9-42E2-9EF0-69D33E151491}.Release|Any CPU.Build.0 = Release|Any CPU
	EndGlobalSection
	GlobalSection(SolutionProperties) = preSolution
		HideSolutionNode = FALSE
	EndGlobalSection
	GlobalSection(ExtensibilityGlobals) = postSolution
		SolutionGuid = {350A856C-69E1-4FE4-9822-975063A98540}
	EndGlobalSection
EndGlobal
